// !$*UTF8*$!
{
	archiveVersion = 1;
	classes = {
	};
	objectVersion = 50;
	objects = {

/* Begin PBXBuildFile section */
		013AD755A2D897D501983A97 /* Pods_Child_Care_CenterUITests.framework in Frameworks */ = {isa = PBXBuildFile; fileRef = 41D3A7A126868612B743BA82 /* Pods_Child_Care_CenterUITests.framework */; };
		4F2A5646230511C900C6BA40 /* NotificationView.swift in Sources */ = {isa = PBXBuildFile; fileRef = 4F2A5645230511C900C6BA40 /* NotificationView.swift */; };
		4F2A5648230531F900C6BA40 /* MessagesView.swift in Sources */ = {isa = PBXBuildFile; fileRef = 4F2A5647230531F900C6BA40 /* MessagesView.swift */; };
		4F2A564A2305525900C6BA40 /* MessageDetailVC.swift in Sources */ = {isa = PBXBuildFile; fileRef = 4F2A56492305525900C6BA40 /* MessageDetailVC.swift */; };
		4F2A564C2305544300C6BA40 /* MessageDetailView.swift in Sources */ = {isa = PBXBuildFile; fileRef = 4F2A564B2305544300C6BA40 /* MessageDetailView.swift */; };
		4F431FE82303CA1D003E47E0 /* SettingsView.swift in Sources */ = {isa = PBXBuildFile; fileRef = 4F431FE72303CA1D003E47E0 /* SettingsView.swift */; };
		4F431FEA23040081003E47E0 /* SelectDateTimeVC.swift in Sources */ = {isa = PBXBuildFile; fileRef = 4F431FE923040081003E47E0 /* SelectDateTimeVC.swift */; };
		4F431FEC23040119003E47E0 /* SelectDateTimeView.swift in Sources */ = {isa = PBXBuildFile; fileRef = 4F431FEB23040119003E47E0 /* SelectDateTimeView.swift */; };
		4F431FEE23041653003E47E0 /* SelectChildredVC.swift in Sources */ = {isa = PBXBuildFile; fileRef = 4F431FED23041653003E47E0 /* SelectChildredVC.swift */; };
		4F431FF02304167C003E47E0 /* SelectChildrenView.swift in Sources */ = {isa = PBXBuildFile; fileRef = 4F431FEF2304167C003E47E0 /* SelectChildrenView.swift */; };
		4F4BB01622FD30FC007E9A3F /* MenuOption.swift in Sources */ = {isa = PBXBuildFile; fileRef = 4F4BB01522FD30FC007E9A3F /* MenuOption.swift */; };
		4F4BB01822FD456B007E9A3F /* MainController.swift in Sources */ = {isa = PBXBuildFile; fileRef = 4F4BB01722FD456B007E9A3F /* MainController.swift */; };
		4F4BB01A22FD47A0007E9A3F /* Protocols.swift in Sources */ = {isa = PBXBuildFile; fileRef = 4F4BB01922FD47A0007E9A3F /* Protocols.swift */; };
		4F4BB01C22FD518F007E9A3F /* MenuView.swift in Sources */ = {isa = PBXBuildFile; fileRef = 4F4BB01B22FD518F007E9A3F /* MenuView.swift */; };
		4F4BB01E22FD53BF007E9A3F /* MenuVC.swift in Sources */ = {isa = PBXBuildFile; fileRef = 4F4BB01D22FD53BF007E9A3F /* MenuVC.swift */; };
		4F4BB02022FD554F007E9A3F /* MenuCell.swift in Sources */ = {isa = PBXBuildFile; fileRef = 4F4BB01F22FD554F007E9A3F /* MenuCell.swift */; };
		4F571AB922FBD78A00DB64DD /* CustomMarkerPreview.swift in Sources */ = {isa = PBXBuildFile; fileRef = 4F571AB822FBD78A00DB64DD /* CustomMarkerPreview.swift */; };
		4F571ABC22FC119A00DB64DD /* DetailVC.swift in Sources */ = {isa = PBXBuildFile; fileRef = 4F571ABB22FC119A00DB64DD /* DetailVC.swift */; };
		4F571ABE22FC11D800DB64DD /* DetailView.swift in Sources */ = {isa = PBXBuildFile; fileRef = 4F571ABD22FC11D800DB64DD /* DetailView.swift */; };
		4F7FA1AF22F3F81B0033B993 /* SignUpVC.swift in Sources */ = {isa = PBXBuildFile; fileRef = 4F7FA1AE22F3F81B0033B993 /* SignUpVC.swift */; };
		4F7FA1B122F3F8640033B993 /* SignUpView.swift in Sources */ = {isa = PBXBuildFile; fileRef = 4F7FA1B022F3F8640033B993 /* SignUpView.swift */; };
		4F7FA1B522F4146F0033B993 /* ParentsHomeVC.swift in Sources */ = {isa = PBXBuildFile; fileRef = 4F7FA1B422F4146F0033B993 /* ParentsHomeVC.swift */; };
		4F7FA1B922F414C10033B993 /* ParentsHomeView.swift in Sources */ = {isa = PBXBuildFile; fileRef = 4F7FA1B822F414C10033B993 /* ParentsHomeView.swift */; };
		4F94AA1F22F2BAF50063CE99 /* AppDelegate.swift in Sources */ = {isa = PBXBuildFile; fileRef = 4F94AA1E22F2BAF50063CE99 /* AppDelegate.swift */; };
		4F94AA2122F2BAF50063CE99 /* LoginVC.swift in Sources */ = {isa = PBXBuildFile; fileRef = 4F94AA2022F2BAF50063CE99 /* LoginVC.swift */; };
		4F94AA2622F2BAF80063CE99 /* Assets.xcassets in Resources */ = {isa = PBXBuildFile; fileRef = 4F94AA2522F2BAF80063CE99 /* Assets.xcassets */; };
		4F94AA2922F2BAF80063CE99 /* LaunchScreen.storyboard in Resources */ = {isa = PBXBuildFile; fileRef = 4F94AA2722F2BAF80063CE99 /* LaunchScreen.storyboard */; };
		4F94AA3422F2BAF80063CE99 /* Child_Care_CenterTests.swift in Sources */ = {isa = PBXBuildFile; fileRef = 4F94AA3322F2BAF80063CE99 /* Child_Care_CenterTests.swift */; };
		4F94AA3F22F2BAF80063CE99 /* Child_Care_CenterUITests.swift in Sources */ = {isa = PBXBuildFile; fileRef = 4F94AA3E22F2BAF80063CE99 /* Child_Care_CenterUITests.swift */; };
		4F94AA4F22F2C9E00063CE99 /* LoginView.swift in Sources */ = {isa = PBXBuildFile; fileRef = 4F94AA4E22F2C9E00063CE99 /* LoginView.swift */; };
		4FB93A3922FAE03700C958F6 /* CustomMarkerView.swift in Sources */ = {isa = PBXBuildFile; fileRef = 4FB93A3822FAE03700C958F6 /* CustomMarkerView.swift */; };
		4FCD26EC230170C50069AA1F /* ProfileVC.swift in Sources */ = {isa = PBXBuildFile; fileRef = 4FCD26EB230170C50069AA1F /* ProfileVC.swift */; };
		4FCD26EE230170D60069AA1F /* ProfileView.swift in Sources */ = {isa = PBXBuildFile; fileRef = 4FCD26ED230170D60069AA1F /* ProfileView.swift */; };
		4FCD26F0230174090069AA1F /* MessageVC.swift in Sources */ = {isa = PBXBuildFile; fileRef = 4FCD26EF230174090069AA1F /* MessageVC.swift */; };
		4FCD26F22301768A0069AA1F /* NotificationVC.swift in Sources */ = {isa = PBXBuildFile; fileRef = 4FCD26F12301768A0069AA1F /* NotificationVC.swift */; };
		4FCD26F4230177000069AA1F /* SettingsVC.swift in Sources */ = {isa = PBXBuildFile; fileRef = 4FCD26F3230177000069AA1F /* SettingsVC.swift */; };
		607F4FE3822193440CD283E0 /* Pods_Child_Care_Center.framework in Frameworks */ = {isa = PBXBuildFile; fileRef = F53F9B97A0FE0C9E05A386D0 /* Pods_Child_Care_Center.framework */; };
		B30D774124F42903207B9EA5 /* Pods_Child_Care_CenterTests.framework in Frameworks */ = {isa = PBXBuildFile; fileRef = 82DDBEECAA98D39FF4D1706B /* Pods_Child_Care_CenterTests.framework */; };
/* End PBXBuildFile section */

/* Begin PBXContainerItemProxy section */
		4F94AA3022F2BAF80063CE99 /* PBXContainerItemProxy */ = {
			isa = PBXContainerItemProxy;
			containerPortal = 4F94AA1322F2BAF50063CE99 /* Project object */;
			proxyType = 1;
			remoteGlobalIDString = 4F94AA1A22F2BAF50063CE99;
			remoteInfo = "Child Care Center";
		};
		4F94AA3B22F2BAF80063CE99 /* PBXContainerItemProxy */ = {
			isa = PBXContainerItemProxy;
			containerPortal = 4F94AA1322F2BAF50063CE99 /* Project object */;
			proxyType = 1;
			remoteGlobalIDString = 4F94AA1A22F2BAF50063CE99;
			remoteInfo = "Child Care Center";
		};
/* End PBXContainerItemProxy section */

/* Begin PBXFileReference section */
		1479088DBD0C1C7755341BEB /* Pods-Child Care CenterTests.debug.xcconfig */ = {isa = PBXFileReference; includeInIndex = 1; lastKnownFileType = text.xcconfig; name = "Pods-Child Care CenterTests.debug.xcconfig"; path = "Pods/Target Support Files/Pods-Child Care CenterTests/Pods-Child Care CenterTests.debug.xcconfig"; sourceTree = "<group>"; };
		3361B243D522A0405AD1A8A1 /* Pods-Child Care CenterTests.release.xcconfig */ = {isa = PBXFileReference; includeInIndex = 1; lastKnownFileType = text.xcconfig; name = "Pods-Child Care CenterTests.release.xcconfig"; path = "Pods/Target Support Files/Pods-Child Care CenterTests/Pods-Child Care CenterTests.release.xcconfig"; sourceTree = "<group>"; };
		34FBE2F32AB7032375A3CE59 /* Pods-Child Care CenterUITests.debug.xcconfig */ = {isa = PBXFileReference; includeInIndex = 1; lastKnownFileType = text.xcconfig; name = "Pods-Child Care CenterUITests.debug.xcconfig"; path = "Pods/Target Support Files/Pods-Child Care CenterUITests/Pods-Child Care CenterUITests.debug.xcconfig"; sourceTree = "<group>"; };
		41D3A7A126868612B743BA82 /* Pods_Child_Care_CenterUITests.framework */ = {isa = PBXFileReference; explicitFileType = wrapper.framework; includeInIndex = 0; path = Pods_Child_Care_CenterUITests.framework; sourceTree = BUILT_PRODUCTS_DIR; };
		4F2A5645230511C900C6BA40 /* NotificationView.swift */ = {isa = PBXFileReference; lastKnownFileType = sourcecode.swift; path = NotificationView.swift; sourceTree = "<group>"; };
		4F2A5647230531F900C6BA40 /* MessagesView.swift */ = {isa = PBXFileReference; lastKnownFileType = sourcecode.swift; path = MessagesView.swift; sourceTree = "<group>"; };
		4F2A56492305525900C6BA40 /* MessageDetailVC.swift */ = {isa = PBXFileReference; lastKnownFileType = sourcecode.swift; path = MessageDetailVC.swift; sourceTree = "<group>"; };
		4F2A564B2305544300C6BA40 /* MessageDetailView.swift */ = {isa = PBXFileReference; lastKnownFileType = sourcecode.swift; path = MessageDetailView.swift; sourceTree = "<group>"; };
		4F431FE72303CA1D003E47E0 /* SettingsView.swift */ = {isa = PBXFileReference; lastKnownFileType = sourcecode.swift; path = SettingsView.swift; sourceTree = "<group>"; };
		4F431FE923040081003E47E0 /* SelectDateTimeVC.swift */ = {isa = PBXFileReference; lastKnownFileType = sourcecode.swift; path = SelectDateTimeVC.swift; sourceTree = "<group>"; };
		4F431FEB23040119003E47E0 /* SelectDateTimeView.swift */ = {isa = PBXFileReference; lastKnownFileType = sourcecode.swift; path = SelectDateTimeView.swift; sourceTree = "<group>"; };
		4F431FED23041653003E47E0 /* SelectChildredVC.swift */ = {isa = PBXFileReference; lastKnownFileType = sourcecode.swift; path = SelectChildredVC.swift; sourceTree = "<group>"; };
		4F431FEF2304167C003E47E0 /* SelectChildrenView.swift */ = {isa = PBXFileReference; lastKnownFileType = sourcecode.swift; path = SelectChildrenView.swift; sourceTree = "<group>"; };
		4F4BB01522FD30FC007E9A3F /* MenuOption.swift */ = {isa = PBXFileReference; lastKnownFileType = sourcecode.swift; path = MenuOption.swift; sourceTree = "<group>"; };
		4F4BB01722FD456B007E9A3F /* MainController.swift */ = {isa = PBXFileReference; lastKnownFileType = sourcecode.swift; path = MainController.swift; sourceTree = "<group>"; };
		4F4BB01922FD47A0007E9A3F /* Protocols.swift */ = {isa = PBXFileReference; lastKnownFileType = sourcecode.swift; path = Protocols.swift; sourceTree = "<group>"; };
		4F4BB01B22FD518F007E9A3F /* MenuView.swift */ = {isa = PBXFileReference; lastKnownFileType = sourcecode.swift; path = MenuView.swift; sourceTree = "<group>"; };
		4F4BB01D22FD53BF007E9A3F /* MenuVC.swift */ = {isa = PBXFileReference; lastKnownFileType = sourcecode.swift; path = MenuVC.swift; sourceTree = "<group>"; };
		4F4BB01F22FD554F007E9A3F /* MenuCell.swift */ = {isa = PBXFileReference; lastKnownFileType = sourcecode.swift; path = MenuCell.swift; sourceTree = "<group>"; };
		4F571AB822FBD78A00DB64DD /* CustomMarkerPreview.swift */ = {isa = PBXFileReference; lastKnownFileType = sourcecode.swift; path = CustomMarkerPreview.swift; sourceTree = "<group>"; };
		4F571ABB22FC119A00DB64DD /* DetailVC.swift */ = {isa = PBXFileReference; lastKnownFileType = sourcecode.swift; name = DetailVC.swift; path = ../../View/Parents/DetailVC.swift; sourceTree = "<group>"; };
		4F571ABD22FC11D800DB64DD /* DetailView.swift */ = {isa = PBXFileReference; lastKnownFileType = sourcecode.swift; path = DetailView.swift; sourceTree = "<group>"; };
		4F7FA1AE22F3F81B0033B993 /* SignUpVC.swift */ = {isa = PBXFileReference; lastKnownFileType = sourcecode.swift; path = SignUpVC.swift; sourceTree = "<group>"; };
		4F7FA1B022F3F8640033B993 /* SignUpView.swift */ = {isa = PBXFileReference; lastKnownFileType = sourcecode.swift; path = SignUpView.swift; sourceTree = "<group>"; };
		4F7FA1B422F4146F0033B993 /* ParentsHomeVC.swift */ = {isa = PBXFileReference; lastKnownFileType = sourcecode.swift; path = ParentsHomeVC.swift; sourceTree = "<group>"; };
		4F7FA1B822F414C10033B993 /* ParentsHomeView.swift */ = {isa = PBXFileReference; lastKnownFileType = sourcecode.swift; path = ParentsHomeView.swift; sourceTree = "<group>"; };
		4F94AA1B22F2BAF50063CE99 /* Child Care Center.app */ = {isa = PBXFileReference; explicitFileType = wrapper.application; includeInIndex = 0; path = "Child Care Center.app"; sourceTree = BUILT_PRODUCTS_DIR; };
		4F94AA1E22F2BAF50063CE99 /* AppDelegate.swift */ = {isa = PBXFileReference; lastKnownFileType = sourcecode.swift; path = AppDelegate.swift; sourceTree = "<group>"; };
		4F94AA2022F2BAF50063CE99 /* LoginVC.swift */ = {isa = PBXFileReference; lastKnownFileType = sourcecode.swift; path = LoginVC.swift; sourceTree = "<group>"; };
		4F94AA2522F2BAF80063CE99 /* Assets.xcassets */ = {isa = PBXFileReference; lastKnownFileType = folder.assetcatalog; path = Assets.xcassets; sourceTree = "<group>"; };
		4F94AA2822F2BAF80063CE99 /* Base */ = {isa = PBXFileReference; lastKnownFileType = file.storyboard; name = Base; path = Base.lproj/LaunchScreen.storyboard; sourceTree = "<group>"; };
		4F94AA2A22F2BAF80063CE99 /* Info.plist */ = {isa = PBXFileReference; lastKnownFileType = text.plist.xml; path = Info.plist; sourceTree = "<group>"; };
		4F94AA2F22F2BAF80063CE99 /* Child Care CenterTests.xctest */ = {isa = PBXFileReference; explicitFileType = wrapper.cfbundle; includeInIndex = 0; path = "Child Care CenterTests.xctest"; sourceTree = BUILT_PRODUCTS_DIR; };
		4F94AA3322F2BAF80063CE99 /* Child_Care_CenterTests.swift */ = {isa = PBXFileReference; lastKnownFileType = sourcecode.swift; path = Child_Care_CenterTests.swift; sourceTree = "<group>"; };
		4F94AA3522F2BAF80063CE99 /* Info.plist */ = {isa = PBXFileReference; lastKnownFileType = text.plist.xml; path = Info.plist; sourceTree = "<group>"; };
		4F94AA3A22F2BAF80063CE99 /* Child Care CenterUITests.xctest */ = {isa = PBXFileReference; explicitFileType = wrapper.cfbundle; includeInIndex = 0; path = "Child Care CenterUITests.xctest"; sourceTree = BUILT_PRODUCTS_DIR; };
		4F94AA3E22F2BAF80063CE99 /* Child_Care_CenterUITests.swift */ = {isa = PBXFileReference; lastKnownFileType = sourcecode.swift; path = Child_Care_CenterUITests.swift; sourceTree = "<group>"; };
		4F94AA4022F2BAF80063CE99 /* Info.plist */ = {isa = PBXFileReference; lastKnownFileType = text.plist.xml; path = Info.plist; sourceTree = "<group>"; };
		4F94AA4E22F2C9E00063CE99 /* LoginView.swift */ = {isa = PBXFileReference; lastKnownFileType = sourcecode.swift; path = LoginView.swift; sourceTree = "<group>"; };
		4FB93A3822FAE03700C958F6 /* CustomMarkerView.swift */ = {isa = PBXFileReference; lastKnownFileType = sourcecode.swift; path = CustomMarkerView.swift; sourceTree = "<group>"; };
		4FCD26EB230170C50069AA1F /* ProfileVC.swift */ = {isa = PBXFileReference; lastKnownFileType = sourcecode.swift; path = ProfileVC.swift; sourceTree = "<group>"; };
		4FCD26ED230170D60069AA1F /* ProfileView.swift */ = {isa = PBXFileReference; lastKnownFileType = sourcecode.swift; path = ProfileView.swift; sourceTree = "<group>"; };
		4FCD26EF230174090069AA1F /* MessageVC.swift */ = {isa = PBXFileReference; lastKnownFileType = sourcecode.swift; path = MessageVC.swift; sourceTree = "<group>"; };
		4FCD26F12301768A0069AA1F /* NotificationVC.swift */ = {isa = PBXFileReference; lastKnownFileType = sourcecode.swift; path = NotificationVC.swift; sourceTree = "<group>"; };
		4FCD26F3230177000069AA1F /* SettingsVC.swift */ = {isa = PBXFileReference; lastKnownFileType = sourcecode.swift; path = SettingsVC.swift; sourceTree = "<group>"; };
		6D50B78C6D675AEFC564DD8F /* Pods-Child Care CenterUITests.release.xcconfig */ = {isa = PBXFileReference; includeInIndex = 1; lastKnownFileType = text.xcconfig; name = "Pods-Child Care CenterUITests.release.xcconfig"; path = "Pods/Target Support Files/Pods-Child Care CenterUITests/Pods-Child Care CenterUITests.release.xcconfig"; sourceTree = "<group>"; };
		82DDBEECAA98D39FF4D1706B /* Pods_Child_Care_CenterTests.framework */ = {isa = PBXFileReference; explicitFileType = wrapper.framework; includeInIndex = 0; path = Pods_Child_Care_CenterTests.framework; sourceTree = BUILT_PRODUCTS_DIR; };
		8F607850BEC3F1AEE9E2F0A0 /* Pods-Child Care Center.release.xcconfig */ = {isa = PBXFileReference; includeInIndex = 1; lastKnownFileType = text.xcconfig; name = "Pods-Child Care Center.release.xcconfig"; path = "Pods/Target Support Files/Pods-Child Care Center/Pods-Child Care Center.release.xcconfig"; sourceTree = "<group>"; };
		CA3A78DE720418EA1CFDBD44 /* Pods-Child Care Center.debug.xcconfig */ = {isa = PBXFileReference; includeInIndex = 1; lastKnownFileType = text.xcconfig; name = "Pods-Child Care Center.debug.xcconfig"; path = "Pods/Target Support Files/Pods-Child Care Center/Pods-Child Care Center.debug.xcconfig"; sourceTree = "<group>"; };
		F53F9B97A0FE0C9E05A386D0 /* Pods_Child_Care_Center.framework */ = {isa = PBXFileReference; explicitFileType = wrapper.framework; includeInIndex = 0; path = Pods_Child_Care_Center.framework; sourceTree = BUILT_PRODUCTS_DIR; };
/* End PBXFileReference section */

/* Begin PBXFrameworksBuildPhase section */
		4F94AA1822F2BAF50063CE99 /* Frameworks */ = {
			isa = PBXFrameworksBuildPhase;
			buildActionMask = 2147483647;
			files = (
				607F4FE3822193440CD283E0 /* Pods_Child_Care_Center.framework in Frameworks */,
			);
			runOnlyForDeploymentPostprocessing = 0;
		};
		4F94AA2C22F2BAF80063CE99 /* Frameworks */ = {
			isa = PBXFrameworksBuildPhase;
			buildActionMask = 2147483647;
			files = (
				B30D774124F42903207B9EA5 /* Pods_Child_Care_CenterTests.framework in Frameworks */,
			);
			runOnlyForDeploymentPostprocessing = 0;
		};
		4F94AA3722F2BAF80063CE99 /* Frameworks */ = {
			isa = PBXFrameworksBuildPhase;
			buildActionMask = 2147483647;
			files = (
				013AD755A2D897D501983A97 /* Pods_Child_Care_CenterUITests.framework in Frameworks */,
			);
			runOnlyForDeploymentPostprocessing = 0;
		};
/* End PBXFrameworksBuildPhase section */

/* Begin PBXGroup section */
		0A79F2B859B3BB8BECEABAC7 /* Pods */ = {
			isa = PBXGroup;
			children = (
				CA3A78DE720418EA1CFDBD44 /* Pods-Child Care Center.debug.xcconfig */,
				8F607850BEC3F1AEE9E2F0A0 /* Pods-Child Care Center.release.xcconfig */,
				1479088DBD0C1C7755341BEB /* Pods-Child Care CenterTests.debug.xcconfig */,
				3361B243D522A0405AD1A8A1 /* Pods-Child Care CenterTests.release.xcconfig */,
				34FBE2F32AB7032375A3CE59 /* Pods-Child Care CenterUITests.debug.xcconfig */,
				6D50B78C6D675AEFC564DD8F /* Pods-Child Care CenterUITests.release.xcconfig */,
			);
			name = Pods;
			sourceTree = "<group>";
		};
		4F571ABA22FC0C3C00DB64DD /* Utils */ = {
			isa = PBXGroup;
			children = (
				4F4BB01922FD47A0007E9A3F /* Protocols.swift */,
			);
			path = Utils;
			sourceTree = "<group>";
		};
		4F7FA1B222F4141E0033B993 /* Parents */ = {
			isa = PBXGroup;
			children = (
				4F571ABB22FC119A00DB64DD /* DetailVC.swift */,
				4F7FA1B422F4146F0033B993 /* ParentsHomeVC.swift */,
				4F4BB01722FD456B007E9A3F /* MainController.swift */,
				4F4BB01D22FD53BF007E9A3F /* MenuVC.swift */,
				4FCD26EB230170C50069AA1F /* ProfileVC.swift */,
				4FCD26EF230174090069AA1F /* MessageVC.swift */,
				4FCD26F12301768A0069AA1F /* NotificationVC.swift */,
				4FCD26F3230177000069AA1F /* SettingsVC.swift */,
				4F431FE923040081003E47E0 /* SelectDateTimeVC.swift */,
				4F431FED23041653003E47E0 /* SelectChildredVC.swift */,
				4F2A56492305525900C6BA40 /* MessageDetailVC.swift */,
			);
			path = Parents;
			sourceTree = "<group>";
		};
		4F7FA1B322F414280033B993 /* Parents */ = {
			isa = PBXGroup;
			children = (
				4F7FA1B822F414C10033B993 /* ParentsHomeView.swift */,
				4F571ABD22FC11D800DB64DD /* DetailView.swift */,
				4F4BB01B22FD518F007E9A3F /* MenuView.swift */,
				4FCD26ED230170D60069AA1F /* ProfileView.swift */,
				4F431FE72303CA1D003E47E0 /* SettingsView.swift */,
				4F431FEB23040119003E47E0 /* SelectDateTimeView.swift */,
				4F431FEF2304167C003E47E0 /* SelectChildrenView.swift */,
				4F2A5645230511C900C6BA40 /* NotificationView.swift */,
				4F2A5647230531F900C6BA40 /* MessagesView.swift */,
				4F2A564B2305544300C6BA40 /* MessageDetailView.swift */,
			);
			path = Parents;
			sourceTree = "<group>";
		};
		4F94AA1222F2BAF50063CE99 = {
			isa = PBXGroup;
			children = (
				4F94AA1D22F2BAF50063CE99 /* Child Care Center */,
				4F94AA3222F2BAF80063CE99 /* Child Care CenterTests */,
				4F94AA3D22F2BAF80063CE99 /* Child Care CenterUITests */,
				4F94AA1C22F2BAF50063CE99 /* Products */,
				0A79F2B859B3BB8BECEABAC7 /* Pods */,
				B725203992C09EFE39EC2797 /* Frameworks */,
			);
			sourceTree = "<group>";
		};
		4F94AA1C22F2BAF50063CE99 /* Products */ = {
			isa = PBXGroup;
			children = (
				4F94AA1B22F2BAF50063CE99 /* Child Care Center.app */,
				4F94AA2F22F2BAF80063CE99 /* Child Care CenterTests.xctest */,
				4F94AA3A22F2BAF80063CE99 /* Child Care CenterUITests.xctest */,
			);
			name = Products;
			sourceTree = "<group>";
		};
		4F94AA1D22F2BAF50063CE99 /* Child Care Center */ = {
			isa = PBXGroup;
			children = (
				4F571ABA22FC0C3C00DB64DD /* Utils */,
				4F94AA5022F2D73C0063CE99 /* Model */,
				4F94AA4C22F2C9A80063CE99 /* View */,
				4F94AA4D22F2C9B30063CE99 /* Controller */,
				4F94AA1E22F2BAF50063CE99 /* AppDelegate.swift */,
				4F94AA2522F2BAF80063CE99 /* Assets.xcassets */,
				4F94AA2722F2BAF80063CE99 /* LaunchScreen.storyboard */,
				4F94AA2A22F2BAF80063CE99 /* Info.plist */,
			);
			path = "Child Care Center";
			sourceTree = "<group>";
		};
		4F94AA3222F2BAF80063CE99 /* Child Care CenterTests */ = {
			isa = PBXGroup;
			children = (
				4F94AA3322F2BAF80063CE99 /* Child_Care_CenterTests.swift */,
				4F94AA3522F2BAF80063CE99 /* Info.plist */,
			);
			path = "Child Care CenterTests";
			sourceTree = "<group>";
		};
		4F94AA3D22F2BAF80063CE99 /* Child Care CenterUITests */ = {
			isa = PBXGroup;
			children = (
				4F94AA3E22F2BAF80063CE99 /* Child_Care_CenterUITests.swift */,
				4F94AA4022F2BAF80063CE99 /* Info.plist */,
			);
			path = "Child Care CenterUITests";
			sourceTree = "<group>";
		};
		4F94AA4C22F2C9A80063CE99 /* View */ = {
			isa = PBXGroup;
			children = (
				4FB93A3722FAE00A00C958F6 /* Custom */,
				4F7FA1B322F414280033B993 /* Parents */,
				4F94AA4E22F2C9E00063CE99 /* LoginView.swift */,
				4F7FA1B022F3F8640033B993 /* SignUpView.swift */,
			);
			path = View;
			sourceTree = "<group>";
		};
		4F94AA4D22F2C9B30063CE99 /* Controller */ = {
			isa = PBXGroup;
			children = (
				4F7FA1B222F4141E0033B993 /* Parents */,
				4F94AA2022F2BAF50063CE99 /* LoginVC.swift */,
				4F7FA1AE22F3F81B0033B993 /* SignUpVC.swift */,
			);
			path = Controller;
			sourceTree = "<group>";
		};
		4F94AA5022F2D73C0063CE99 /* Model */ = {
			isa = PBXGroup;
			children = (
				4F4BB01522FD30FC007E9A3F /* MenuOption.swift */,
			);
			path = Model;
			sourceTree = "<group>";
		};
		4FB93A3722FAE00A00C958F6 /* Custom */ = {
			isa = PBXGroup;
			children = (
				4FB93A3822FAE03700C958F6 /* CustomMarkerView.swift */,
				4F571AB822FBD78A00DB64DD /* CustomMarkerPreview.swift */,
				4F4BB01F22FD554F007E9A3F /* MenuCell.swift */,
			);
			path = Custom;
			sourceTree = "<group>";
		};
		B725203992C09EFE39EC2797 /* Frameworks */ = {
			isa = PBXGroup;
			children = (
				F53F9B97A0FE0C9E05A386D0 /* Pods_Child_Care_Center.framework */,
				82DDBEECAA98D39FF4D1706B /* Pods_Child_Care_CenterTests.framework */,
				41D3A7A126868612B743BA82 /* Pods_Child_Care_CenterUITests.framework */,
			);
			name = Frameworks;
			sourceTree = "<group>";
		};
/* End PBXGroup section */

/* Begin PBXNativeTarget section */
		4F94AA1A22F2BAF50063CE99 /* Child Care Center */ = {
			isa = PBXNativeTarget;
			buildConfigurationList = 4F94AA4322F2BAF80063CE99 /* Build configuration list for PBXNativeTarget "Child Care Center" */;
			buildPhases = (
				EF073AEBF7D64EC54F91B610 /* [CP] Check Pods Manifest.lock */,
				4F94AA1722F2BAF50063CE99 /* Sources */,
				4F94AA1822F2BAF50063CE99 /* Frameworks */,
				4F94AA1922F2BAF50063CE99 /* Resources */,
				5CF06EEB6E9707C5F5FF02D7 /* [CP] Embed Pods Frameworks */,
				9B3362EECFCA9D009E2FD71F /* [CP] Copy Pods Resources */,
			);
			buildRules = (
			);
			dependencies = (
			);
			name = "Child Care Center";
			productName = "Child Care Center";
			productReference = 4F94AA1B22F2BAF50063CE99 /* Child Care Center.app */;
			productType = "com.apple.product-type.application";
		};
		4F94AA2E22F2BAF80063CE99 /* Child Care CenterTests */ = {
			isa = PBXNativeTarget;
			buildConfigurationList = 4F94AA4622F2BAF80063CE99 /* Build configuration list for PBXNativeTarget "Child Care CenterTests" */;
			buildPhases = (
				BAAE45B4D987E93B9D8C1F23 /* [CP] Check Pods Manifest.lock */,
				4F94AA2B22F2BAF80063CE99 /* Sources */,
				4F94AA2C22F2BAF80063CE99 /* Frameworks */,
				4F94AA2D22F2BAF80063CE99 /* Resources */,
				165748DFE9A8A12B65FD56FF /* [CP] Embed Pods Frameworks */,
				0A0A43D1051C6DC24AAEB3F2 /* [CP] Copy Pods Resources */,
			);
			buildRules = (
			);
			dependencies = (
				4F94AA3122F2BAF80063CE99 /* PBXTargetDependency */,
			);
			name = "Child Care CenterTests";
			productName = "Child Care CenterTests";
			productReference = 4F94AA2F22F2BAF80063CE99 /* Child Care CenterTests.xctest */;
			productType = "com.apple.product-type.bundle.unit-test";
		};
		4F94AA3922F2BAF80063CE99 /* Child Care CenterUITests */ = {
			isa = PBXNativeTarget;
			buildConfigurationList = 4F94AA4922F2BAF80063CE99 /* Build configuration list for PBXNativeTarget "Child Care CenterUITests" */;
			buildPhases = (
				3EB266B735361C105B6827A2 /* [CP] Check Pods Manifest.lock */,
				4F94AA3622F2BAF80063CE99 /* Sources */,
				4F94AA3722F2BAF80063CE99 /* Frameworks */,
				4F94AA3822F2BAF80063CE99 /* Resources */,
				DA26587B751F850EAEF581FF /* [CP] Embed Pods Frameworks */,
				B8114EBA57ACFC5BB108BB8A /* [CP] Copy Pods Resources */,
			);
			buildRules = (
			);
			dependencies = (
				4F94AA3C22F2BAF80063CE99 /* PBXTargetDependency */,
			);
			name = "Child Care CenterUITests";
			productName = "Child Care CenterUITests";
			productReference = 4F94AA3A22F2BAF80063CE99 /* Child Care CenterUITests.xctest */;
			productType = "com.apple.product-type.bundle.ui-testing";
		};
/* End PBXNativeTarget section */

/* Begin PBXProject section */
		4F94AA1322F2BAF50063CE99 /* Project object */ = {
			isa = PBXProject;
			attributes = {
				LastSwiftUpdateCheck = 1010;
				LastUpgradeCheck = 1010;
				ORGANIZATIONNAME = GIS;
				TargetAttributes = {
					4F94AA1A22F2BAF50063CE99 = {
						CreatedOnToolsVersion = 10.1;
						LastSwiftMigration = 1030;
					};
					4F94AA2E22F2BAF80063CE99 = {
						CreatedOnToolsVersion = 10.1;
						LastSwiftMigration = 1030;
						TestTargetID = 4F94AA1A22F2BAF50063CE99;
					};
					4F94AA3922F2BAF80063CE99 = {
						CreatedOnToolsVersion = 10.1;
						LastSwiftMigration = 1030;
						TestTargetID = 4F94AA1A22F2BAF50063CE99;
					};
				};
			};
			buildConfigurationList = 4F94AA1622F2BAF50063CE99 /* Build configuration list for PBXProject "Child Care Center" */;
			compatibilityVersion = "Xcode 9.3";
			developmentRegion = en;
			hasScannedForEncodings = 0;
			knownRegions = (
				en,
				Base,
			);
			mainGroup = 4F94AA1222F2BAF50063CE99;
			productRefGroup = 4F94AA1C22F2BAF50063CE99 /* Products */;
			projectDirPath = "";
			projectRoot = "";
			targets = (
				4F94AA1A22F2BAF50063CE99 /* Child Care Center */,
				4F94AA2E22F2BAF80063CE99 /* Child Care CenterTests */,
				4F94AA3922F2BAF80063CE99 /* Child Care CenterUITests */,
			);
		};
/* End PBXProject section */

/* Begin PBXResourcesBuildPhase section */
		4F94AA1922F2BAF50063CE99 /* Resources */ = {
			isa = PBXResourcesBuildPhase;
			buildActionMask = 2147483647;
			files = (
				4F94AA2922F2BAF80063CE99 /* LaunchScreen.storyboard in Resources */,
				4F94AA2622F2BAF80063CE99 /* Assets.xcassets in Resources */,
			);
			runOnlyForDeploymentPostprocessing = 0;
		};
		4F94AA2D22F2BAF80063CE99 /* Resources */ = {
			isa = PBXResourcesBuildPhase;
			buildActionMask = 2147483647;
			files = (
			);
			runOnlyForDeploymentPostprocessing = 0;
		};
		4F94AA3822F2BAF80063CE99 /* Resources */ = {
			isa = PBXResourcesBuildPhase;
			buildActionMask = 2147483647;
			files = (
			);
			runOnlyForDeploymentPostprocessing = 0;
		};
/* End PBXResourcesBuildPhase section */

/* Begin PBXShellScriptBuildPhase section */
		0A0A43D1051C6DC24AAEB3F2 /* [CP] Copy Pods Resources */ = {
			isa = PBXShellScriptBuildPhase;
			buildActionMask = 2147483647;
			files = (
			);
			inputPaths = (
			);
			name = "[CP] Copy Pods Resources";
			outputPaths = (
			);
			runOnlyForDeploymentPostprocessing = 0;
			shellPath = /bin/sh;
			shellScript = "\"${SRCROOT}/Pods/Target Support Files/Pods-Child Care CenterTests/Pods-Child Care CenterTests-resources.sh\"\n";
			showEnvVarsInLog = 0;
		};
		165748DFE9A8A12B65FD56FF /* [CP] Embed Pods Frameworks */ = {
			isa = PBXShellScriptBuildPhase;
			buildActionMask = 2147483647;
			files = (
			);
			inputPaths = (
			);
			name = "[CP] Embed Pods Frameworks";
			outputPaths = (
			);
			runOnlyForDeploymentPostprocessing = 0;
			shellPath = /bin/sh;
			shellScript = "\"${SRCROOT}/Pods/Target Support Files/Pods-Child Care CenterTests/Pods-Child Care CenterTests-frameworks.sh\"\n";
			showEnvVarsInLog = 0;
		};
		3EB266B735361C105B6827A2 /* [CP] Check Pods Manifest.lock */ = {
			isa = PBXShellScriptBuildPhase;
			buildActionMask = 2147483647;
			files = (
			);
			inputPaths = (
				"${PODS_PODFILE_DIR_PATH}/Podfile.lock",
				"${PODS_ROOT}/Manifest.lock",
			);
			name = "[CP] Check Pods Manifest.lock";
			outputPaths = (
				"$(DERIVED_FILE_DIR)/Pods-Child Care CenterUITests-checkManifestLockResult.txt",
			);
			runOnlyForDeploymentPostprocessing = 0;
			shellPath = /bin/sh;
			shellScript = "diff \"${PODS_PODFILE_DIR_PATH}/Podfile.lock\" \"${PODS_ROOT}/Manifest.lock\" > /dev/null\nif [ $? != 0 ] ; then\n    # print error to STDERR\n    echo \"error: The sandbox is not in sync with the Podfile.lock. Run 'pod install' or update your CocoaPods installation.\" >&2\n    exit 1\nfi\n# This output is used by Xcode 'outputs' to avoid re-running this script phase.\necho \"SUCCESS\" > \"${SCRIPT_OUTPUT_FILE_0}\"\n";
			showEnvVarsInLog = 0;
		};
		5CF06EEB6E9707C5F5FF02D7 /* [CP] Embed Pods Frameworks */ = {
			isa = PBXShellScriptBuildPhase;
			buildActionMask = 2147483647;
			files = (
			);
			inputPaths = (
			);
			name = "[CP] Embed Pods Frameworks";
			outputPaths = (
			);
			runOnlyForDeploymentPostprocessing = 0;
			shellPath = /bin/sh;
			shellScript = "\"${SRCROOT}/Pods/Target Support Files/Pods-Child Care Center/Pods-Child Care Center-frameworks.sh\"\n";
			showEnvVarsInLog = 0;
		};
		9B3362EECFCA9D009E2FD71F /* [CP] Copy Pods Resources */ = {
			isa = PBXShellScriptBuildPhase;
			buildActionMask = 2147483647;
			files = (
			);
			inputPaths = (
				"${SRCROOT}/Pods/Target Support Files/Pods-Child Care Center/Pods-Child Care Center-resources.sh",
				"${PODS_ROOT}/GoogleMaps/Maps/Frameworks/GoogleMaps.framework/Resources/GoogleMaps.bundle",
				"${PODS_ROOT}/GooglePlaces/Frameworks/GooglePlaces.framework/Resources/GooglePlaces.bundle",
			);
			name = "[CP] Copy Pods Resources";
			outputPaths = (
				"${TARGET_BUILD_DIR}/${UNLOCALIZED_RESOURCES_FOLDER_PATH}/GoogleMaps.bundle",
				"${TARGET_BUILD_DIR}/${UNLOCALIZED_RESOURCES_FOLDER_PATH}/GooglePlaces.bundle",
			);
			runOnlyForDeploymentPostprocessing = 0;
			shellPath = /bin/sh;
			shellScript = "\"${SRCROOT}/Pods/Target Support Files/Pods-Child Care Center/Pods-Child Care Center-resources.sh\"\n";
			showEnvVarsInLog = 0;
		};
		B8114EBA57ACFC5BB108BB8A /* [CP] Copy Pods Resources */ = {
			isa = PBXShellScriptBuildPhase;
			buildActionMask = 2147483647;
			files = (
			);
			inputPaths = (
			);
			name = "[CP] Copy Pods Resources";
			outputPaths = (
			);
			runOnlyForDeploymentPostprocessing = 0;
			shellPath = /bin/sh;
			shellScript = "\"${SRCROOT}/Pods/Target Support Files/Pods-Child Care CenterUITests/Pods-Child Care CenterUITests-resources.sh\"\n";
			showEnvVarsInLog = 0;
		};
		BAAE45B4D987E93B9D8C1F23 /* [CP] Check Pods Manifest.lock */ = {
			isa = PBXShellScriptBuildPhase;
			buildActionMask = 2147483647;
			files = (
			);
			inputPaths = (
				"${PODS_PODFILE_DIR_PATH}/Podfile.lock",
				"${PODS_ROOT}/Manifest.lock",
			);
			name = "[CP] Check Pods Manifest.lock";
			outputPaths = (
				"$(DERIVED_FILE_DIR)/Pods-Child Care CenterTests-checkManifestLockResult.txt",
			);
			runOnlyForDeploymentPostprocessing = 0;
			shellPath = /bin/sh;
			shellScript = "diff \"${PODS_PODFILE_DIR_PATH}/Podfile.lock\" \"${PODS_ROOT}/Manifest.lock\" > /dev/null\nif [ $? != 0 ] ; then\n    # print error to STDERR\n    echo \"error: The sandbox is not in sync with the Podfile.lock. Run 'pod install' or update your CocoaPods installation.\" >&2\n    exit 1\nfi\n# This output is used by Xcode 'outputs' to avoid re-running this script phase.\necho \"SUCCESS\" > \"${SCRIPT_OUTPUT_FILE_0}\"\n";
			showEnvVarsInLog = 0;
		};
		DA26587B751F850EAEF581FF /* [CP] Embed Pods Frameworks */ = {
			isa = PBXShellScriptBuildPhase;
			buildActionMask = 2147483647;
			files = (
			);
			inputPaths = (
			);
			name = "[CP] Embed Pods Frameworks";
			outputPaths = (
			);
			runOnlyForDeploymentPostprocessing = 0;
			shellPath = /bin/sh;
			shellScript = "\"${SRCROOT}/Pods/Target Support Files/Pods-Child Care CenterUITests/Pods-Child Care CenterUITests-frameworks.sh\"\n";
			showEnvVarsInLog = 0;
		};
		EF073AEBF7D64EC54F91B610 /* [CP] Check Pods Manifest.lock */ = {
			isa = PBXShellScriptBuildPhase;
			buildActionMask = 2147483647;
			files = (
			);
			inputPaths = (
				"${PODS_PODFILE_DIR_PATH}/Podfile.lock",
				"${PODS_ROOT}/Manifest.lock",
			);
			name = "[CP] Check Pods Manifest.lock";
			outputPaths = (
				"$(DERIVED_FILE_DIR)/Pods-Child Care Center-checkManifestLockResult.txt",
			);
			runOnlyForDeploymentPostprocessing = 0;
			shellPath = /bin/sh;
			shellScript = "diff \"${PODS_PODFILE_DIR_PATH}/Podfile.lock\" \"${PODS_ROOT}/Manifest.lock\" > /dev/null\nif [ $? != 0 ] ; then\n    # print error to STDERR\n    echo \"error: The sandbox is not in sync with the Podfile.lock. Run 'pod install' or update your CocoaPods installation.\" >&2\n    exit 1\nfi\n# This output is used by Xcode 'outputs' to avoid re-running this script phase.\necho \"SUCCESS\" > \"${SCRIPT_OUTPUT_FILE_0}\"\n";
			showEnvVarsInLog = 0;
		};
/* End PBXShellScriptBuildPhase section */

/* Begin PBXSourcesBuildPhase section */
		4F94AA1722F2BAF50063CE99 /* Sources */ = {
			isa = PBXSourcesBuildPhase;
			buildActionMask = 2147483647;
			files = (
				4F7FA1B922F414C10033B993 /* ParentsHomeView.swift in Sources */,
				4F431FE82303CA1D003E47E0 /* SettingsView.swift in Sources */,
				4F431FEC23040119003E47E0 /* SelectDateTimeView.swift in Sources */,
				4F4BB01622FD30FC007E9A3F /* MenuOption.swift in Sources */,
				4FB93A3922FAE03700C958F6 /* CustomMarkerView.swift in Sources */,
				4F431FEA23040081003E47E0 /* SelectDateTimeVC.swift in Sources */,
				4F571AB922FBD78A00DB64DD /* CustomMarkerPreview.swift in Sources */,
				4F7FA1AF22F3F81B0033B993 /* SignUpVC.swift in Sources */,
				4F431FF02304167C003E47E0 /* SelectChildrenView.swift in Sources */,
				4F2A5648230531F900C6BA40 /* MessagesView.swift in Sources */,
				4F4BB01E22FD53BF007E9A3F /* MenuVC.swift in Sources */,
				4F7FA1B122F3F8640033B993 /* SignUpView.swift in Sources */,
				4F571ABE22FC11D800DB64DD /* DetailView.swift in Sources */,
				4F571ABC22FC119A00DB64DD /* DetailVC.swift in Sources */,
				4F2A564C2305544300C6BA40 /* MessageDetailView.swift in Sources */,
				4F94AA4F22F2C9E00063CE99 /* LoginView.swift in Sources */,
				4F431FEE23041653003E47E0 /* SelectChildredVC.swift in Sources */,
				4F4BB01A22FD47A0007E9A3F /* Protocols.swift in Sources */,
				4FCD26F4230177000069AA1F /* SettingsVC.swift in Sources */,
				4F4BB01C22FD518F007E9A3F /* MenuView.swift in Sources */,
				4FCD26EC230170C50069AA1F /* ProfileVC.swift in Sources */,
				4FCD26F22301768A0069AA1F /* NotificationVC.swift in Sources */,
				4F2A564A2305525900C6BA40 /* MessageDetailVC.swift in Sources */,
				4F7FA1B522F4146F0033B993 /* ParentsHomeVC.swift in Sources */,
				4F94AA2122F2BAF50063CE99 /* LoginVC.swift in Sources */,
				4F4BB01822FD456B007E9A3F /* MainController.swift in Sources */,
				4F2A5646230511C900C6BA40 /* NotificationView.swift in Sources */,
				4FCD26F0230174090069AA1F /* MessageVC.swift in Sources */,
				4FCD26EE230170D60069AA1F /* ProfileView.swift in Sources */,
				4F4BB02022FD554F007E9A3F /* MenuCell.swift in Sources */,
				4F94AA1F22F2BAF50063CE99 /* AppDelegate.swift in Sources */,
			);
			runOnlyForDeploymentPostprocessing = 0;
		};
		4F94AA2B22F2BAF80063CE99 /* Sources */ = {
			isa = PBXSourcesBuildPhase;
			buildActionMask = 2147483647;
			files = (
				4F94AA3422F2BAF80063CE99 /* Child_Care_CenterTests.swift in Sources */,
			);
			runOnlyForDeploymentPostprocessing = 0;
		};
		4F94AA3622F2BAF80063CE99 /* Sources */ = {
			isa = PBXSourcesBuildPhase;
			buildActionMask = 2147483647;
			files = (
				4F94AA3F22F2BAF80063CE99 /* Child_Care_CenterUITests.swift in Sources */,
			);
			runOnlyForDeploymentPostprocessing = 0;
		};
/* End PBXSourcesBuildPhase section */

/* Begin PBXTargetDependency section */
		4F94AA3122F2BAF80063CE99 /* PBXTargetDependency */ = {
			isa = PBXTargetDependency;
			target = 4F94AA1A22F2BAF50063CE99 /* Child Care Center */;
			targetProxy = 4F94AA3022F2BAF80063CE99 /* PBXContainerItemProxy */;
		};
		4F94AA3C22F2BAF80063CE99 /* PBXTargetDependency */ = {
			isa = PBXTargetDependency;
			target = 4F94AA1A22F2BAF50063CE99 /* Child Care Center */;
			targetProxy = 4F94AA3B22F2BAF80063CE99 /* PBXContainerItemProxy */;
		};
/* End PBXTargetDependency section */

/* Begin PBXVariantGroup section */
		4F94AA2722F2BAF80063CE99 /* LaunchScreen.storyboard */ = {
			isa = PBXVariantGroup;
			children = (
				4F94AA2822F2BAF80063CE99 /* Base */,
			);
			name = LaunchScreen.storyboard;
			sourceTree = "<group>";
		};
/* End PBXVariantGroup section */

/* Begin XCBuildConfiguration section */
		4F94AA4122F2BAF80063CE99 /* Debug */ = {
			isa = XCBuildConfiguration;
			buildSettings = {
				ALWAYS_SEARCH_USER_PATHS = NO;
				CLANG_ANALYZER_NONNULL = YES;
				CLANG_ANALYZER_NUMBER_OBJECT_CONVERSION = YES_AGGRESSIVE;
				CLANG_CXX_LANGUAGE_STANDARD = "gnu++14";
				CLANG_CXX_LIBRARY = "libc++";
				CLANG_ENABLE_MODULES = YES;
				CLANG_ENABLE_OBJC_ARC = YES;
				CLANG_ENABLE_OBJC_WEAK = YES;
				CLANG_WARN_BLOCK_CAPTURE_AUTORELEASING = YES;
				CLANG_WARN_BOOL_CONVERSION = YES;
				CLANG_WARN_COMMA = YES;
				CLANG_WARN_CONSTANT_CONVERSION = YES;
				CLANG_WARN_DEPRECATED_OBJC_IMPLEMENTATIONS = YES;
				CLANG_WARN_DIRECT_OBJC_ISA_USAGE = YES_ERROR;
				CLANG_WARN_DOCUMENTATION_COMMENTS = YES;
				CLANG_WARN_EMPTY_BODY = YES;
				CLANG_WARN_ENUM_CONVERSION = YES;
				CLANG_WARN_INFINITE_RECURSION = YES;
				CLANG_WARN_INT_CONVERSION = YES;
				CLANG_WARN_NON_LITERAL_NULL_CONVERSION = YES;
				CLANG_WARN_OBJC_IMPLICIT_RETAIN_SELF = YES;
				CLANG_WARN_OBJC_LITERAL_CONVERSION = YES;
				CLANG_WARN_OBJC_ROOT_CLASS = YES_ERROR;
				CLANG_WARN_RANGE_LOOP_ANALYSIS = YES;
				CLANG_WARN_STRICT_PROTOTYPES = YES;
				CLANG_WARN_SUSPICIOUS_MOVE = YES;
				CLANG_WARN_UNGUARDED_AVAILABILITY = YES_AGGRESSIVE;
				CLANG_WARN_UNREACHABLE_CODE = YES;
				CLANG_WARN__DUPLICATE_METHOD_MATCH = YES;
				CODE_SIGN_IDENTITY = "iPhone Developer";
				COPY_PHASE_STRIP = NO;
				DEBUG_INFORMATION_FORMAT = dwarf;
				ENABLE_STRICT_OBJC_MSGSEND = YES;
				ENABLE_TESTABILITY = YES;
				GCC_C_LANGUAGE_STANDARD = gnu11;
				GCC_DYNAMIC_NO_PIC = NO;
				GCC_NO_COMMON_BLOCKS = YES;
				GCC_OPTIMIZATION_LEVEL = 0;
				GCC_PREPROCESSOR_DEFINITIONS = (
					"DEBUG=1",
					"$(inherited)",
				);
				GCC_WARN_64_TO_32_BIT_CONVERSION = YES;
				GCC_WARN_ABOUT_RETURN_TYPE = YES_ERROR;
				GCC_WARN_UNDECLARED_SELECTOR = YES;
				GCC_WARN_UNINITIALIZED_AUTOS = YES_AGGRESSIVE;
				GCC_WARN_UNUSED_FUNCTION = YES;
				GCC_WARN_UNUSED_VARIABLE = YES;
				IPHONEOS_DEPLOYMENT_TARGET = 12.1;
				MTL_ENABLE_DEBUG_INFO = INCLUDE_SOURCE;
				MTL_FAST_MATH = YES;
				ONLY_ACTIVE_ARCH = YES;
				SDKROOT = iphoneos;
				SWIFT_ACTIVE_COMPILATION_CONDITIONS = DEBUG;
				SWIFT_OPTIMIZATION_LEVEL = "-Onone";
			};
			name = Debug;
		};
		4F94AA4222F2BAF80063CE99 /* Release */ = {
			isa = XCBuildConfiguration;
			buildSettings = {
				ALWAYS_SEARCH_USER_PATHS = NO;
				CLANG_ANALYZER_NONNULL = YES;
				CLANG_ANALYZER_NUMBER_OBJECT_CONVERSION = YES_AGGRESSIVE;
				CLANG_CXX_LANGUAGE_STANDARD = "gnu++14";
				CLANG_CXX_LIBRARY = "libc++";
				CLANG_ENABLE_MODULES = YES;
				CLANG_ENABLE_OBJC_ARC = YES;
				CLANG_ENABLE_OBJC_WEAK = YES;
				CLANG_WARN_BLOCK_CAPTURE_AUTORELEASING = YES;
				CLANG_WARN_BOOL_CONVERSION = YES;
				CLANG_WARN_COMMA = YES;
				CLANG_WARN_CONSTANT_CONVERSION = YES;
				CLANG_WARN_DEPRECATED_OBJC_IMPLEMENTATIONS = YES;
				CLANG_WARN_DIRECT_OBJC_ISA_USAGE = YES_ERROR;
				CLANG_WARN_DOCUMENTATION_COMMENTS = YES;
				CLANG_WARN_EMPTY_BODY = YES;
				CLANG_WARN_ENUM_CONVERSION = YES;
				CLANG_WARN_INFINITE_RECURSION = YES;
				CLANG_WARN_INT_CONVERSION = YES;
				CLANG_WARN_NON_LITERAL_NULL_CONVERSION = YES;
				CLANG_WARN_OBJC_IMPLICIT_RETAIN_SELF = YES;
				CLANG_WARN_OBJC_LITERAL_CONVERSION = YES;
				CLANG_WARN_OBJC_ROOT_CLASS = YES_ERROR;
				CLANG_WARN_RANGE_LOOP_ANALYSIS = YES;
				CLANG_WARN_STRICT_PROTOTYPES = YES;
				CLANG_WARN_SUSPICIOUS_MOVE = YES;
				CLANG_WARN_UNGUARDED_AVAILABILITY = YES_AGGRESSIVE;
				CLANG_WARN_UNREACHABLE_CODE = YES;
				CLANG_WARN__DUPLICATE_METHOD_MATCH = YES;
				CODE_SIGN_IDENTITY = "iPhone Developer";
				COPY_PHASE_STRIP = NO;
				DEBUG_INFORMATION_FORMAT = "dwarf-with-dsym";
				ENABLE_NS_ASSERTIONS = NO;
				ENABLE_STRICT_OBJC_MSGSEND = YES;
				GCC_C_LANGUAGE_STANDARD = gnu11;
				GCC_NO_COMMON_BLOCKS = YES;
				GCC_WARN_64_TO_32_BIT_CONVERSION = YES;
				GCC_WARN_ABOUT_RETURN_TYPE = YES_ERROR;
				GCC_WARN_UNDECLARED_SELECTOR = YES;
				GCC_WARN_UNINITIALIZED_AUTOS = YES_AGGRESSIVE;
				GCC_WARN_UNUSED_FUNCTION = YES;
				GCC_WARN_UNUSED_VARIABLE = YES;
				IPHONEOS_DEPLOYMENT_TARGET = 12.1;
				MTL_ENABLE_DEBUG_INFO = NO;
				MTL_FAST_MATH = YES;
				SDKROOT = iphoneos;
				SWIFT_COMPILATION_MODE = wholemodule;
				SWIFT_OPTIMIZATION_LEVEL = "-O";
				VALIDATE_PRODUCT = YES;
			};
			name = Release;
		};
		4F94AA4422F2BAF80063CE99 /* Debug */ = {
			isa = XCBuildConfiguration;
			baseConfigurationReference = CA3A78DE720418EA1CFDBD44 /* Pods-Child Care Center.debug.xcconfig */;
			buildSettings = {
				ASSETCATALOG_COMPILER_APPICON_NAME = AppIcon;
				CODE_SIGN_STYLE = Automatic;
				DEVELOPMENT_TEAM = 48M355K98D;
				INFOPLIST_FILE = "Child Care Center/Info.plist";
				LD_RUNPATH_SEARCH_PATHS = (
					"$(inherited)",
					"@executable_path/Frameworks",
				);
				PRODUCT_BUNDLE_IDENTIFIER = "com.gis.Child-Care-Center";
				PRODUCT_NAME = "$(TARGET_NAME)";
				SWIFT_VERSION = 5.0;
				TARGETED_DEVICE_FAMILY = 1;
			};
			name = Debug;
		};
		4F94AA4522F2BAF80063CE99 /* Release */ = {
			isa = XCBuildConfiguration;
			baseConfigurationReference = 8F607850BEC3F1AEE9E2F0A0 /* Pods-Child Care Center.release.xcconfig */;
			buildSettings = {
				ASSETCATALOG_COMPILER_APPICON_NAME = AppIcon;
				CODE_SIGN_STYLE = Automatic;
				DEVELOPMENT_TEAM = 48M355K98D;
				INFOPLIST_FILE = "Child Care Center/Info.plist";
				LD_RUNPATH_SEARCH_PATHS = (
					"$(inherited)",
					"@executable_path/Frameworks",
				);
				PRODUCT_BUNDLE_IDENTIFIER = "com.gis.Child-Care-Center";
				PRODUCT_NAME = "$(TARGET_NAME)";
				SWIFT_VERSION = 5.0;
				TARGETED_DEVICE_FAMILY = 1;
			};
			name = Release;
		};
		4F94AA4722F2BAF80063CE99 /* Debug */ = {
			isa = XCBuildConfiguration;
			baseConfigurationReference = 1479088DBD0C1C7755341BEB /* Pods-Child Care CenterTests.debug.xcconfig */;
			buildSettings = {
				ALWAYS_EMBED_SWIFT_STANDARD_LIBRARIES = YES;
				BUNDLE_LOADER = "$(TEST_HOST)";
				CODE_SIGN_STYLE = Automatic;
				INFOPLIST_FILE = "Child Care CenterTests/Info.plist";
				LD_RUNPATH_SEARCH_PATHS = (
					"$(inherited)",
					"@executable_path/Frameworks",
					"@loader_path/Frameworks",
				);
				PRODUCT_BUNDLE_IDENTIFIER = "com.gis.Child-Care-CenterTests";
				PRODUCT_NAME = "$(TARGET_NAME)";
				SWIFT_VERSION = 5.0;
				TARGETED_DEVICE_FAMILY = "1,2";
				TEST_HOST = "$(BUILT_PRODUCTS_DIR)/Child Care Center.app/Child Care Center";
			};
			name = Debug;
		};
		4F94AA4822F2BAF80063CE99 /* Release */ = {
			isa = XCBuildConfiguration;
			baseConfigurationReference = 3361B243D522A0405AD1A8A1 /* Pods-Child Care CenterTests.release.xcconfig */;
			buildSettings = {
				ALWAYS_EMBED_SWIFT_STANDARD_LIBRARIES = YES;
				BUNDLE_LOADER = "$(TEST_HOST)";
				CODE_SIGN_STYLE = Automatic;
				INFOPLIST_FILE = "Child Care CenterTests/Info.plist";
				LD_RUNPATH_SEARCH_PATHS = (
					"$(inherited)",
					"@executable_path/Frameworks",
					"@loader_path/Frameworks",
				);
				PRODUCT_BUNDLE_IDENTIFIER = "com.gis.Child-Care-CenterTests";
				PRODUCT_NAME = "$(TARGET_NAME)";
				SWIFT_VERSION = 5.0;
				TARGETED_DEVICE_FAMILY = "1,2";
				TEST_HOST = "$(BUILT_PRODUCTS_DIR)/Child Care Center.app/Child Care Center";
			};
			name = Release;
		};
		4F94AA4A22F2BAF80063CE99 /* Debug */ = {
			isa = XCBuildConfiguration;
			baseConfigurationReference = 34FBE2F32AB7032375A3CE59 /* Pods-Child Care CenterUITests.debug.xcconfig */;
			buildSettings = {
				ALWAYS_EMBED_SWIFT_STANDARD_LIBRARIES = YES;
				CODE_SIGN_STYLE = Automatic;
				INFOPLIST_FILE = "Child Care CenterUITests/Info.plist";
				LD_RUNPATH_SEARCH_PATHS = (
					"$(inherited)",
					"@executable_path/Frameworks",
					"@loader_path/Frameworks",
				);
				PRODUCT_BUNDLE_IDENTIFIER = "com.gis.Child-Care-CenterUITests";
				PRODUCT_NAME = "$(TARGET_NAME)";
				SWIFT_VERSION = 5.0;
				TARGETED_DEVICE_FAMILY = "1,2";
				TEST_TARGET_NAME = "Child Care Center";
			};
			name = Debug;
		};
		4F94AA4B22F2BAF80063CE99 /* Release */ = {
			isa = XCBuildConfiguration;
			baseConfigurationReference = 6D50B78C6D675AEFC564DD8F /* Pods-Child Care CenterUITests.release.xcconfig */;
			buildSettings = {
				ALWAYS_EMBED_SWIFT_STANDARD_LIBRARIES = YES;
				CODE_SIGN_STYLE = Automatic;
				INFOPLIST_FILE = "Child Care CenterUITests/Info.plist";
				LD_RUNPATH_SEARCH_PATHS = (
					"$(inherited)",
					"@executable_path/Frameworks",
					"@loader_path/Frameworks",
				);
				PRODUCT_BUNDLE_IDENTIFIER = "com.gis.Child-Care-CenterUITests";
				PRODUCT_NAME = "$(TARGET_NAME)";
				SWIFT_VERSION = 5.0;
				TARGETED_DEVICE_FAMILY = "1,2";
				TEST_TARGET_NAME = "Child Care Center";
			};
			name = Release;
		};
/* End XCBuildConfiguration section */

/* Begin XCConfigurationList section */
		4F94AA1622F2BAF50063CE99 /* Build configuration list for PBXProject "Child Care Center" */ = {
			isa = XCConfigurationList;
			buildConfigurations = (
				4F94AA4122F2BAF80063CE99 /* Debug */,
				4F94AA4222F2BAF80063CE99 /* Release */,
			);
			defaultConfigurationIsVisible = 0;
			defaultConfigurationName = Release;
		};
		4F94AA4322F2BAF80063CE99 /* Build configuration list for PBXNativeTarget "Child Care Center" */ = {
			isa = XCConfigurationList;
			buildConfigurations = (
				4F94AA4422F2BAF80063CE99 /* Debug */,
				4F94AA4522F2BAF80063CE99 /* Release */,
			);
			defaultConfigurationIsVisible = 0;
			defaultConfigurationName = Release;
		};
		4F94AA4622F2BAF80063CE99 /* Build configuration list for PBXNativeTarget "Child Care CenterTests" */ = {
			isa = XCConfigurationList;
			buildConfigurations = (
				4F94AA4722F2BAF80063CE99 /* Debug */,
				4F94AA4822F2BAF80063CE99 /* Release */,
			);
			defaultConfigurationIsVisible = 0;
			defaultConfigurationName = Release;
		};
		4F94AA4922F2BAF80063CE99 /* Build configuration list for PBXNativeTarget "Child Care CenterUITests" */ = {
			isa = XCConfigurationList;
			buildConfigurations = (
				4F94AA4A22F2BAF80063CE99 /* Debug */,
				4F94AA4B22F2BAF80063CE99 /* Release */,
			);
			defaultConfigurationIsVisible = 0;
			defaultConfigurationName = Release;
		};
/* End XCConfigurationList section */
	};
	rootObject = 4F94AA1322F2BAF50063CE99 /* Project object */;
}
